{
  "nodes": {
    "disko": {
      "inputs": {
        "nixpkgs": [
          "nixpkgs"
        ]
      },
      "locked": {
        "lastModified": 1768920986,
        "narHash": "sha256-CNzzBsRhq7gg4BMBuTDObiWDH/rFYHEuDRVOwCcwXw4=",
        "owner": "nix-community",
        "repo": "disko",
        "rev": "de5708739256238fb912c62f03988815db89ec9a",
        "type": "github"
      },
      "original": {
        "owner": "nix-community",
        "ref": "latest",
        "repo": "disko",
        "type": "github"
      }
    },
    "flake-parts": {
      "inputs": {
        "nixpkgs-lib": "nixpkgs-lib"
      },
      "locked": {
        "lastModified": 1787559586,
        "narHash": "sha256-onL0VLf9vPllmT0H/OlURIU5r5t5WIEl7t4tVNKT0Nw=",
        "owner": "hercules-ci",
        "repo": "flake-parts",
        "rev": "9d0d87172c374f89da73c1cfe6d81ae62feac1f1",
        "type": "github"
      },
      "original": {
        "owner": "hercules-ci",
        "repo": "flake-parts",
        "type": "github"
      }
    },
    "flake-parts_2": {
      "inputs": {
        "nixpkgs-lib": [
          "nixvim",
          "nixpkgs"
        ]
      },
      "locked": {
        "lastModified": 1785627969,
        "narHash": "sha256-4dtXQk/NMePegK/nWp5NSeuZKLATItOq61lpEvmXqGw=",
        "owner": "hercules-ci",
        "repo": "flake-parts",
        "rev": "427bf4bd9435fdf21321c8cc628c24efc14c0f7a",
        "type": "github"
      },
      "original": {
        "owner": "hercules-ci",
        "repo": "flake-parts",
        "type": "github"
      }
    },
    "home-manager": {
      "inputs": {
        "nixpkgs": [
          "nixpkgs"
        ]
      },
      "locked": {
        "lastModified": 1787377438,
        "narHash": "sha256-Sxu1NLTD/Ern6hFGLlZmtKCSct3YQXZI/lls8RE1XeM=",
        "owner": "nix-community",
        "repo": "home-manager",
        "rev": "65258d5c65a250189fde2e35f490d15e064c4c62",
        "type": "github"
      },
      "original": {
        "owner": "nix-community",
        "ref": "release-26.05",
        "repo": "home-manager",
        "type": "github"
      }
    },
    "nixos-hardware": {
      "inputs": {
        "nixpkgs": [
          "nixpkgs"
        ]
      },
      "locked": {
        "lastModified": 1788044418,
        "narHash": "sha256-cmOd3iGoE140M2GidgQMQbyxHZ4dT7C0QZq2+CrXQyA=",
        "owner": "NixOS",
        "repo": "nixos-hardware",
        "rev": "dc3f0cfde2050172abf6c3cdb684f735c15a57c5",
        "type": "github"
      },
      "original": {
        "owner": "NixOS",
        "repo": "nixos-hardware",
        "type": "github"
      }
    },
    "nixpkgs": {
      "locked": {
        "lastModified": 1787962033,
        "narHash": "sha256-u6z9VTZA4Kf3RkHQo9sQI7NI4Ei/uiU9vrMqOiwWP1Y=",
        "owner": "NixOS",
        "repo": "nixpkgs",
        "rev": "c5c4a43b0e8056328ec4529f735cabdb8f1942bb",
        "type": "github"
      },
      "original": {
        "owner": "NixOS",
        "ref": "nixos-26.05",
        "repo": "nixpkgs",
        "type": "github"
      }
    },
    "nixpkgs-lib": {
      "locked": {
        "lastModified": 1785031560,
        "narHash": "sha256-OmshNvn2vupOFpYinLUu+1Dnpu4n7Q5N3ggGVNHpkUI=",
        "owner": "nix-community",
        "repo": "nixpkgs.lib",
        "rev": "0e79af5e3d4dcfcd676ab5ba3f95d2e3352e078c",
        "type": "github"
      },
      "original": {
        "owner": "nix-community",
        "repo": "nixpkgs.lib",
        "type": "github"
      }
    },
    "nixpkgs_2": {
      "locked": {
        "lastModified": 1787204541,
        "narHash": "sha256-OURZPknrTjQrlNyxPdqzyqmU/81Wes1CUP/Ft1Rv/YI=",
        "owner": "NixOS",
        "repo": "nixpkgs",
        "rev": "5880666fd9eb563038431edb35c2d0aa595884e6",
        "type": "github"
      },
      "original": {
        "owner": "NixOS",
        "ref": "nixos-26.05",
        "repo": "nixpkgs",
        "type": "github"
      }
    },
    "nixvim": {
      "inputs": {
        "flake-parts": "flake-parts_2",
        "nixpkgs": "nixpkgs_2",
        "systems": "systems"
      },
      "locked": {
        "lastModified": 1787536726,
        "narHash": "sha256-aBh5Yk9tX8ZV4k10BJr2fvTq0/+iWGegaCMUOU7YKas=",
        "owner": "nix-community",
        "repo": "nixvim",
        "rev": "e2c3f9f36326d07340626847543c557e2b95fb50",
        "type": "github"
      },
      "original": {
        "owner": "nix-community",
        "ref": "nixos-26.05",
        "repo": "nixvim",
        "type": "github"
      }
    },
    "root": {
      "inputs": {
        "disko": "disko",
        "flake-parts": "flake-parts",
        "home-manager": "home-manager",
        "nixos-hardware": "nixos-hardware",
        "nixpkgs": "nixpkgs",
        "nixvim": "nixvim",
        "sops-nix": "sops-nix"
      }
    },
    "sops-nix": {
      "inputs": {
        "nixpkgs": [
          "nixpkgs"
        ]
      },
      "locked": {
        "lastModified": 1786629091,
        "narHash": "sha256-gkig4nPi1CWc4Z50GBsjE4ygSE7hMpl/TwID2an2Cck=",
        "owner": "Mic92",
        "repo": "sops-nix",
        "rev": "a8627b21b9107c5711c96b84f32a9a4b3d45295f",
        "type": "github"
      },
      "original": {
        "owner": "Mic92",
        "repo": "sops-nix",
        "type": "github"
      }
    },
    "systems": {
      "locked": {
        "lastModified": 1681028828,
        "narHash": "sha256-Vy1rq5AaRuLzOxct8nz4T6wlgyUR7zLU309k9mBC768=",
        "owner": "nix-systems",
        "repo": "default",
        "rev": "da67096a3b9bf56a91d16901293e51ba5b49a27e",
        "type": "github"
      },
      "original": {
        "owner": "nix-systems",
        "repo": "default",
        "type": "github"
      }
    }
  },
  "root": "root",
  "version": 7
}
